
Microsoft Visual Studio Solution File, Format Version 12.00
# Visual Studio Version 17
VisualStudioVersion = 17.0.31903.59
MinimumVisualStudioVersion = 10.0.40219.1
Project("{FAE04EC0-301F-11D3-BF4B-00C04F79EFBC}") = "DonationLibrary", "DonationLibrary\DonationLibrary.csproj", "{0AEF2703-F91F-4D81-AB26-A954BE11A8C2}"
EndProject
Project("{FAE04EC0-301F-11D3-BF4B-00C04F79EFBC}") = "BlazorServer", "BlazorServer\BlazorServer.csproj", "{EB54BD37-51AA-49B8-9155-D5D2D592105F}"
EndProject
Global
	GlobalSection(SolutionConfigurationPlatforms) = preSolution
		Debug|Any CPU = Debug|Any CPU
		Release|Any CPU = Release|Any CPU
	EndGlobalSection
	GlobalSection(SolutionProperties) = preSolution
		HideSolutionNode = FALSE
	EndGlobalSection
	GlobalSection(ProjectConfigurationPlatforms) = postSolution
		{0AEF2703-F91F-4D81-AB26-A954BE11A8C2}.Debug|Any CPU.ActiveCfg = Debug|Any CPU
		{0AEF2703-F91F-4D81-AB26-A954BE11A8C2}.Debug|Any CPU.Build.0 = Debug|Any CPU
		{0AEF2703-F91F-4D81-AB26-A954BE11A8C2}.Release|Any CPU.ActiveCfg = Release|Any CPU
		{0AEF2703-F91F-4D81-AB26-A954BE11A8C2}.Release|Any CPU.Build.0 = Release|Any CPU
		{EB54BD37-51AA-49B8-9155-D5D2D592105F}.Debug|Any CPU.ActiveCfg = Debug|Any CPU
		{EB54BD37-51AA-49B8-9155-D5D2D592105F}.Debug|Any CPU.Build.0 = Debug|Any CPU
		{EB54BD37-51AA-49B8-9155-D5D2D592105F}.Release|Any CPU.ActiveCfg = Release|Any CPU
		{EB54BD37-51AA-49B8-9155-D5D2D592105F}.Release|Any CPU.Build.0 = Release|Any CPU
	EndGlobalSection
EndGlobal
