
Microsoft Visual Studio Solution File, Format Version 12.00
# Visual Studio Version 17
VisualStudioVersion = 17.5.002.0
MinimumVisualStudioVersion = 10.0.40219.1
Project("{9A19103F-16F7-4668-BE54-9A1E7A4F7556}") = "BlazorServer", "BlazorServer.csproj", "{90C29528-7955-4549-A855-0F560021173C}"
EndProject
Global
	GlobalSection(SolutionConfigurationPlatforms) = preSolution
		Debug|Any CPU = Debug|Any CPU
		Release|Any CPU = Release|Any CPU
	EndGlobalSection
	GlobalSection(ProjectConfigurationPlatforms) = postSolution
		{90C29528-7955-4549-A855-0F560021173C}.Debug|Any CPU.ActiveCfg = Debug|Any CPU
		{90C29528-7955-4549-A855-0F560021173C}.Debug|Any CPU.Build.0 = Debug|Any CPU
		{90C29528-7955-4549-A855-0F560021173C}.Release|Any CPU.ActiveCfg = Release|Any CPU
		{90C29528-7955-4549-A855-0F560021173C}.Release|Any CPU.Build.0 = Release|Any CPU
	EndGlobalSection
	GlobalSection(SolutionProperties) = preSolution
		HideSolutionNode = FALSE
	EndGlobalSection
	GlobalSection(ExtensibilityGlobals) = postSolution
		SolutionGuid = {229A32E9-860F-4008-AF3F-8D9B9B5D9EC3}
	EndGlobalSection
EndGlobal
